
Microsoft Visual Studio Solution File, Format Version 12.00
# Visual Studio Version 17
VisualStudioVersion = 17.11.35327.3
MinimumVisualStudioVersion = 10.0.40219.1
Project("{FAE04EC0-301F-11D3-BF4B-00C04F79EFBC}") = "task1", "task1\task1.csproj", "{FC3FDA68-88E2-4D1F-8404-228B2B73815E}"
EndProject
Project("{FAE04EC0-301F-11D3-BF4B-00C04F79EFBC}") = "task2", "task2\task2.csproj", "{7AE67205-C1E9-4520-BA84-AEFD9C8843B7}"
EndProject
Global
	GlobalSection(SolutionConfigurationPlatforms) = preSolution
		Debug|Any CPU = Debug|Any CPU
		Release|Any CPU = Release|Any CPU
	EndGlobalSection
	GlobalSection(ProjectConfigurationPlatforms) = postSolution
		{FC3FDA68-88E2-4D1F-8404-228B2B73815E}.Debug|Any CPU.ActiveCfg = Debug|Any CPU
		{FC3FDA68-88E2-4D1F-8404-228B2B73815E}.Debug|Any CPU.Build.0 = Debug|Any CPU
		{FC3FDA68-88E2-4D1F-8404-228B2B73815E}.Release|Any CPU.ActiveCfg = Release|Any CPU
		{FC3FDA68-88E2-4D1F-8404-228B2B73815E}.Release|Any CPU.Build.0 = Release|Any CPU
		{7AE67205-C1E9-4520-BA84-AEFD9C8843B7}.Debug|Any CPU.ActiveCfg = Debug|Any CPU
		{7AE67205-C1E9-4520-BA84-AEFD9C8843B7}.Debug|Any CPU.Build.0 = Debug|Any CPU
		{7AE67205-C1E9-4520-BA84-AEFD9C8843B7}.Release|Any CPU.ActiveCfg = Release|Any CPU
		{7AE67205-C1E9-4520-BA84-AEFD9C8843B7}.Release|Any CPU.Build.0 = Release|Any CPU
	EndGlobalSection
	GlobalSection(SolutionProperties) = preSolution
		HideSolutionNode = FALSE
	EndGlobalSection
	GlobalSection(ExtensibilityGlobals) = postSolution
		SolutionGuid = {5C311E7C-785B-4437-A519-1B0E291B6F38}
	EndGlobalSection
EndGlobal
